// !$*UTF8*$!
{
	archiveVersion = 1;
	classes = {
	};
	objectVersion = 55;
	objects = {

/* Begin PBXBuildFile section */
		24594F5C388ECB9D2895AD8E /* libPods-SuspendTime.a in Frameworks */ = {isa = PBXBuildFile; fileRef = 7A56FB21E815F6FB2952A7A2 /* libPods-SuspendTime.a */; };
		7B0B9E2027CF40C500E7C67F /* FPSLabel.swift in Sources */ = {isa = PBXBuildFile; fileRef = 7B0B9E1F27CF40C500E7C67F /* FPSLabel.swift */; };
		7B0B9E2627CF468800E7C67F /* SpeedTest.m in Sources */ = {isa = PBXBuildFile; fileRef = 7B0B9E2527CF468800E7C67F /* SpeedTest.m */; };
		7B2CB3FC27C627E000D13D0C /* AppDelegate.swift in Sources */ = {isa = PBXBuildFile; fileRef = 7B2CB3FB27C627E000D13D0C /* AppDelegate.swift */; };
		7B2CB40027C627E000D13D0C /* ViewController.swift in Sources */ = {isa = PBXBuildFile; fileRef = 7B2CB3FF27C627E000D13D0C /* ViewController.swift */; };
		7B2CB40327C627E000D13D0C /* Main.storyboard in Resources */ = {isa = PBXBuildFile; fileRef = 7B2CB40127C627E000D13D0C /* Main.storyboard */; };
		7B2CB40527C627E400D13D0C /* Assets.xcassets in Resources */ = {isa = PBXBuildFile; fileRef = 7B2CB40427C627E400D13D0C /* Assets.xcassets */; };
		7B2CB40827C627E400D13D0C /* LaunchScreen.storyboard in Resources */ = {isa = PBXBuildFile; fileRef = 7B2CB40627C627E400D13D0C /* LaunchScreen.storyboard */; };
		7B2CB41327C627E400D13D0C /* SuspendTimeTests.swift in Sources */ = {isa = PBXBuildFile; fileRef = 7B2CB41227C627E400D13D0C /* SuspendTimeTests.swift */; };
		7B2CB41D27C627E400D13D0C /* SuspendTimeUITests.swift in Sources */ = {isa = PBXBuildFile; fileRef = 7B2CB41C27C627E400D13D0C /* SuspendTimeUITests.swift */; };
		7B2CB41F27C627E400D13D0C /* SuspendTimeUITestsLaunchTests.swift in Sources */ = {isa = PBXBuildFile; fileRef = 7B2CB41E27C627E400D13D0C /* SuspendTimeUITestsLaunchTests.swift */; };
		7BA0305927C8A74800F4A4FE /* TimeView.swift in Sources */ = {isa = PBXBuildFile; fileRef = 7BA0305827C8A74800F4A4FE /* TimeView.swift */; };
		7BD0D11427CCC54500F10DCF /* 3.mp4 in Resources */ = {isa = PBXBuildFile; fileRef = 7BD0D11327CCC54500F10DCF /* 3.mp4 */; };
/* End PBXBuildFile section */

/* Begin PBXContainerItemProxy section */
		7B2CB40F27C627E400D13D0C /* PBXContainerItemProxy */ = {
			isa = PBXContainerItemProxy;
			containerPortal = 7B2CB3F027C627E000D13D0C /* Project object */;
			proxyType = 1;
			remoteGlobalIDString = 7B2CB3F727C627E000D13D0C;
			remoteInfo = SuspendTime;
		};
		7B2CB41927C627E400D13D0C /* PBXContainerItemProxy */ = {
			isa = PBXContainerItemProxy;
			containerPortal = 7B2CB3F027C627E000D13D0C /* Project object */;
			proxyType = 1;
			remoteGlobalIDString = 7B2CB3F727C627E000D13D0C;
			remoteInfo = SuspendTime;
		};
/* End PBXContainerItemProxy section */

/* Begin PBXFileReference section */
		0161BFA5E0A470D1DFA754B0 /* Pods-SuspendTime.debug.xcconfig */ = {isa = PBXFileReference; includeInIndex = 1; lastKnownFileType = text.xcconfig; name = "Pods-SuspendTime.debug.xcconfig"; path = "Target Support Files/Pods-SuspendTime/Pods-SuspendTime.debug.xcconfig"; sourceTree = "<group>"; };
		7A56FB21E815F6FB2952A7A2 /* libPods-SuspendTime.a */ = {isa = PBXFileReference; explicitFileType = archive.ar; includeInIndex = 0; path = "libPods-SuspendTime.a"; sourceTree = BUILT_PRODUCTS_DIR; };
		7B0B9E1F27CF40C500E7C67F /* FPSLabel.swift */ = {isa = PBXFileReference; lastKnownFileType = sourcecode.swift; path = FPSLabel.swift; sourceTree = "<group>"; };
		7B0B9E2327CF468700E7C67F /* SuspendTime-Bridging-Header.h */ = {isa = PBXFileReference; lastKnownFileType = sourcecode.c.h; path = "SuspendTime-Bridging-Header.h"; sourceTree = "<group>"; };
		7B0B9E2427CF468800E7C67F /* SpeedTest.h */ = {isa = PBXFileReference; lastKnownFileType = sourcecode.c.h; path = SpeedTest.h; sourceTree = "<group>"; };
		7B0B9E2527CF468800E7C67F /* SpeedTest.m */ = {isa = PBXFileReference; lastKnownFileType = sourcecode.c.objc; path = SpeedTest.m; sourceTree = "<group>"; };
		7B2CB3F827C627E000D13D0C /* SuspendTime.app */ = {isa = PBXFileReference; explicitFileType = wrapper.application; includeInIndex = 0; path = SuspendTime.app; sourceTree = BUILT_PRODUCTS_DIR; };
		7B2CB3FB27C627E000D13D0C /* AppDelegate.swift */ = {isa = PBXFileReference; lastKnownFileType = sourcecode.swift; path = AppDelegate.swift; sourceTree = "<group>"; };
		7B2CB3FF27C627E000D13D0C /* ViewController.swift */ = {isa = PBXFileReference; lastKnownFileType = sourcecode.swift; path = ViewController.swift; sourceTree = "<group>"; };
		7B2CB40227C627E000D13D0C /* Base */ = {isa = PBXFileReference; lastKnownFileType = file.storyboard; name = Base; path = Base.lproj/Main.storyboard; sourceTree = "<group>"; };
		7B2CB40427C627E400D13D0C /* Assets.xcassets */ = {isa = PBXFileReference; lastKnownFileType = folder.assetcatalog; path = Assets.xcassets; sourceTree = "<group>"; };
		7B2CB40727C627E400D13D0C /* Base */ = {isa = PBXFileReference; lastKnownFileType = file.storyboard; name = Base; path = Base.lproj/LaunchScreen.storyboard; sourceTree = "<group>"; };
		7B2CB40927C627E400D13D0C /* Info.plist */ = {isa = PBXFileReference; lastKnownFileType = text.plist.xml; path = Info.plist; sourceTree = "<group>"; };
		7B2CB40E27C627E400D13D0C /* SuspendTimeTests.xctest */ = {isa = PBXFileReference; explicitFileType = wrapper.cfbundle; includeInIndex = 0; path = SuspendTimeTests.xctest; sourceTree = BUILT_PRODUCTS_DIR; };
		7B2CB41227C627E400D13D0C /* SuspendTimeTests.swift */ = {isa = PBXFileReference; lastKnownFileType = sourcecode.swift; path = SuspendTimeTests.swift; sourceTree = "<group>"; };
		7B2CB41827C627E400D13D0C /* SuspendTimeUITests.xctest */ = {isa = PBXFileReference; explicitFileType = wrapper.cfbundle; includeInIndex = 0; path = SuspendTimeUITests.xctest; sourceTree = BUILT_PRODUCTS_DIR; };
		7B2CB41C27C627E400D13D0C /* SuspendTimeUITests.swift */ = {isa = PBXFileReference; lastKnownFileType = sourcecode.swift; path = SuspendTimeUITests.swift; sourceTree = "<group>"; };
		7B2CB41E27C627E400D13D0C /* SuspendTimeUITestsLaunchTests.swift */ = {isa = PBXFileReference; lastKnownFileType = sourcecode.swift; path = SuspendTimeUITestsLaunchTests.swift; sourceTree = "<group>"; };
		7BA0305827C8A74800F4A4FE /* TimeView.swift */ = {isa = PBXFileReference; lastKnownFileType = sourcecode.swift; path = TimeView.swift; sourceTree = "<group>"; };
		7BD0D11327CCC54500F10DCF /* 3.mp4 */ = {isa = PBXFileReference; lastKnownFileType = file; path = 3.mp4; sourceTree = "<group>"; };
		DAFFD4F8ABB8A33D5CF3CB7F /* Pods-SuspendTime.release.xcconfig */ = {isa = PBXFileReference; includeInIndex = 1; lastKnownFileType = text.xcconfig; name = "Pods-SuspendTime.release.xcconfig"; path = "Target Support Files/Pods-SuspendTime/Pods-SuspendTime.release.xcconfig"; sourceTree = "<group>"; };
/* End PBXFileReference section */

/* Begin PBXFrameworksBuildPhase section */
		7B2CB3F527C627E000D13D0C /* Frameworks */ = {
			isa = PBXFrameworksBuildPhase;
			buildActionMask = 2147483647;
			files = (
				24594F5C388ECB9D2895AD8E /* libPods-SuspendTime.a in Frameworks */,
			);
			runOnlyForDeploymentPostprocessing = 0;
		};
		7B2CB40B27C627E400D13D0C /* Frameworks */ = {
			isa = PBXFrameworksBuildPhase;
			buildActionMask = 2147483647;
			files = (
			);
			runOnlyForDeploymentPostprocessing = 0;
		};
		7B2CB41527C627E400D13D0C /* Frameworks */ = {
			isa = PBXFrameworksBuildPhase;
			buildActionMask = 2147483647;
			files = (
			);
			runOnlyForDeploymentPostprocessing = 0;
		};
/* End PBXFrameworksBuildPhase section */

/* Begin PBXGroup section */
		107574CB7D0C61DA5FF508E1 /* Frameworks */ = {
			isa = PBXGroup;
			children = (
				7A56FB21E815F6FB2952A7A2 /* libPods-SuspendTime.a */,
			);
			name = Frameworks;
			sourceTree = "<group>";
		};
		7B2CB3EF27C627E000D13D0C = {
			isa = PBXGroup;
			children = (
				7B2CB3FA27C627E000D13D0C /* SuspendTime */,
				7B2CB41127C627E400D13D0C /* SuspendTimeTests */,
				7B2CB41B27C627E400D13D0C /* SuspendTimeUITests */,
				7B2CB3F927C627E000D13D0C /* Products */,
				7E07DEC7785E258CB86BCFE5 /* Pods */,
				107574CB7D0C61DA5FF508E1 /* Frameworks */,
			);
			sourceTree = "<group>";
		};
		7B2CB3F927C627E000D13D0C /* Products */ = {
			isa = PBXGroup;
			children = (
				7B2CB3F827C627E000D13D0C /* SuspendTime.app */,
				7B2CB40E27C627E400D13D0C /* SuspendTimeTests.xctest */,
				7B2CB41827C627E400D13D0C /* SuspendTimeUITests.xctest */,
			);
			name = Products;
			sourceTree = "<group>";
		};
		7B2CB3FA27C627E000D13D0C /* SuspendTime */ = {
			isa = PBXGroup;
			children = (
				7B2CB3FB27C627E000D13D0C /* AppDelegate.swift */,
				7B2CB3FF27C627E000D13D0C /* ViewController.swift */,
				7BA0305827C8A74800F4A4FE /* TimeView.swift */,
				7B0B9E1F27CF40C500E7C67F /* FPSLabel.swift */,
				7B0B9E2427CF468800E7C67F /* SpeedTest.h */,
				7B0B9E2527CF468800E7C67F /* SpeedTest.m */,
				7BD0D11327CCC54500F10DCF /* 3.mp4 */,
				7B2CB40127C627E000D13D0C /* Main.storyboard */,
				7B2CB40427C627E400D13D0C /* Assets.xcassets */,
				7B2CB40627C627E400D13D0C /* LaunchScreen.storyboard */,
				7B2CB40927C627E400D13D0C /* Info.plist */,
				7B0B9E2327CF468700E7C67F /* SuspendTime-Bridging-Header.h */,
			);
			path = SuspendTime;
			sourceTree = "<group>";
		};
		7B2CB41127C627E400D13D0C /* SuspendTimeTests */ = {
			isa = PBXGroup;
			children = (
				7B2CB41227C627E400D13D0C /* SuspendTimeTests.swift */,
			);
			path = SuspendTimeTests;
			sourceTree = "<group>";
		};
		7B2CB41B27C627E400D13D0C /* SuspendTimeUITests */ = {
			isa = PBXGroup;
			children = (
				7B2CB41C27C627E400D13D0C /* SuspendTimeUITests.swift */,
				7B2CB41E27C627E400D13D0C /* SuspendTimeUITestsLaunchTests.swift */,
			);
			path = SuspendTimeUITests;
			sourceTree = "<group>";
		};
		7E07DEC7785E258CB86BCFE5 /* Pods */ = {
			isa = PBXGroup;
			children = (
				0161BFA5E0A470D1DFA754B0 /* Pods-SuspendTime.debug.xcconfig */,
				DAFFD4F8ABB8A33D5CF3CB7F /* Pods-SuspendTime.release.xcconfig */,
			);
			path = Pods;
			sourceTree = "<group>";
		};
/* End PBXGroup section */

/* Begin PBXNativeTarget section */
		7B2CB3F727C627E000D13D0C /* SuspendTime */ = {
			isa = PBXNativeTarget;
			buildConfigurationList = 7B2CB42227C627E400D13D0C /* Build configuration list for PBXNativeTarget "SuspendTime" */;
			buildPhases = (
				CD4187F08C73C7DD1FE4F6D0 /* [CP] Check Pods Manifest.lock */,
				7B2CB3F427C627E000D13D0C /* Sources */,
				7B2CB3F527C627E000D13D0C /* Frameworks */,
				7B2CB3F627C627E000D13D0C /* Resources */,
			);
			buildRules = (
			);
			dependencies = (
			);
			name = SuspendTime;
			productName = SuspendTime;
			productReference = 7B2CB3F827C627E000D13D0C /* SuspendTime.app */;
			productType = "com.apple.product-type.application";
		};
		7B2CB40D27C627E400D13D0C /* SuspendTimeTests */ = {
			isa = PBXNativeTarget;
			buildConfigurationList = 7B2CB42527C627E400D13D0C /* Build configuration list for PBXNativeTarget "SuspendTimeTests" */;
			buildPhases = (
				7B2CB40A27C627E400D13D0C /* Sources */,
				7B2CB40B27C627E400D13D0C /* Frameworks */,
				7B2CB40C27C627E400D13D0C /* Resources */,
			);
			buildRules = (
			);
			dependencies = (
				7B2CB41027C627E400D13D0C /* PBXTargetDependency */,
			);
			name = SuspendTimeTests;
			productName = SuspendTimeTests;
			productReference = 7B2CB40E27C627E400D13D0C /* SuspendTimeTests.xctest */;
			productType = "com.apple.product-type.bundle.unit-test";
		};
		7B2CB41727C627E400D13D0C /* SuspendTimeUITests */ = {
			isa = PBXNativeTarget;
			buildConfigurationList = 7B2CB42827C627E400D13D0C /* Build configuration list for PBXNativeTarget "SuspendTimeUITests" */;
			buildPhases = (
				7B2CB41427C627E400D13D0C /* Sources */,
				7B2CB41527C627E400D13D0C /* Frameworks */,
				7B2CB41627C627E400D13D0C /* Resources */,
			);
			buildRules = (
			);
			dependencies = (
				7B2CB41A27C627E400D13D0C /* PBXTargetDependency */,
			);
			name = SuspendTimeUITests;
			productName = SuspendTimeUITests;
			productReference = 7B2CB41827C627E400D13D0C /* SuspendTimeUITests.xctest */;
			productType = "com.apple.product-type.bundle.ui-testing";
		};
/* End PBXNativeTarget section */

/* Begin PBXProject section */
		7B2CB3F027C627E000D13D0C /* Project object */ = {
			isa = PBXProject;
			attributes = {
				BuildIndependentTargetsInParallel = 1;
				LastSwiftUpdateCheck = 1320;
				LastUpgradeCheck = 1320;
				TargetAttributes = {
					7B2CB3F727C627E000D13D0C = {
						CreatedOnToolsVersion = 13.2.1;
						LastSwiftMigration = 1320;
					};
					7B2CB40D27C627E400D13D0C = {
						CreatedOnToolsVersion = 13.2.1;
						TestTargetID = 7B2CB3F727C627E000D13D0C;
					};
					7B2CB41727C627E400D13D0C = {
						CreatedOnToolsVersion = 13.2.1;
						TestTargetID = 7B2CB3F727C627E000D13D0C;
					};
				};
			};
			buildConfigurationList = 7B2CB3F327C627E000D13D0C /* Build configuration list for PBXProject "SuspendTime" */;
			compatibilityVersion = "Xcode 13.0";
			developmentRegion = en;
			hasScannedForEncodings = 0;
			knownRegions = (
				en,
				Base,
			);
			mainGroup = 7B2CB3EF27C627E000D13D0C;
			productRefGroup = 7B2CB3F927C627E000D13D0C /* Products */;
			projectDirPath = "";
			projectRoot = "";
			targets = (
				7B2CB3F727C627E000D13D0C /* SuspendTime */,
				7B2CB40D27C627E400D13D0C /* SuspendTimeTests */,
				7B2CB41727C627E400D13D0C /* SuspendTimeUITests */,
			);
		};
/* End PBXProject section */

/* Begin PBXResourcesBuildPhase section */
		7B2CB3F627C627E000D13D0C /* Resources */ = {
			isa = PBXResourcesBuildPhase;
			buildActionMask = 2147483647;
			files = (
				7B2CB40827C627E400D13D0C /* LaunchScreen.storyboard in Resources */,
				7B2CB40527C627E400D13D0C /* Assets.xcassets in Resources */,
				7B2CB40327C627E000D13D0C /* Main.storyboard in Resources */,
				7BD0D11427CCC54500F10DCF /* 3.mp4 in Resources */,
			);
			runOnlyForDeploymentPostprocessing = 0;
		};
		7B2CB40C27C627E400D13D0C /* Resources */ = {
			isa = PBXResourcesBuildPhase;
			buildActionMask = 2147483647;
			files = (
			);
			runOnlyForDeploymentPostprocessing = 0;
		};
		7B2CB41627C627E400D13D0C /* Resources */ = {
			isa = PBXResourcesBuildPhase;
			buildActionMask = 2147483647;
			files = (
			);
			runOnlyForDeploymentPostprocessing = 0;
		};
/* End PBXResourcesBuildPhase section */

/* Begin PBXShellScriptBuildPhase section */
		CD4187F08C73C7DD1FE4F6D0 /* [CP] Check Pods Manifest.lock */ = {
			isa = PBXShellScriptBuildPhase;
			buildActionMask = 2147483647;
			files = (
			);
			inputFileListPaths = (
			);
			inputPaths = (
				"${PODS_PODFILE_DIR_PATH}/Podfile.lock",
				"${PODS_ROOT}/Manifest.lock",
			);
			name = "[CP] Check Pods Manifest.lock";
			outputFileListPaths = (
			);
			outputPaths = (
				"$(DERIVED_FILE_DIR)/Pods-SuspendTime-checkManifestLockResult.txt",
			);
			runOnlyForDeploymentPostprocessing = 0;
			shellPath = /bin/sh;
			shellScript = "diff \"${PODS_PODFILE_DIR_PATH}/Podfile.lock\" \"${PODS_ROOT}/Manifest.lock\" > /dev/null\nif [ $? != 0 ] ; then\n    # print error to STDERR\n    echo \"error: The sandbox is not in sync with the Podfile.lock. Run 'pod install' or update your CocoaPods installation.\" >&2\n    exit 1\nfi\n# This output is used by Xcode 'outputs' to avoid re-running this script phase.\necho \"SUCCESS\" > \"${SCRIPT_OUTPUT_FILE_0}\"\n";
			showEnvVarsInLog = 0;
		};
/* End PBXShellScriptBuildPhase section */

/* Begin PBXSourcesBuildPhase section */
		7B2CB3F427C627E000D13D0C /* Sources */ = {
			isa = PBXSourcesBuildPhase;
			buildActionMask = 2147483647;
			files = (
				7B2CB40027C627E000D13D0C /* ViewController.swift in Sources */,
				7B2CB3FC27C627E000D13D0C /* AppDelegate.swift in Sources */,
				7B0B9E2027CF40C500E7C67F /* FPSLabel.swift in Sources */,
				7B0B9E2627CF468800E7C67F /* SpeedTest.m in Sources */,
				7BA0305927C8A74800F4A4FE /* TimeView.swift in Sources */,
			);
			runOnlyForDeploymentPostprocessing = 0;
		};
		7B2CB40A27C627E400D13D0C /* Sources */ = {
			isa = PBXSourcesBuildPhase;
			buildActionMask = 2147483647;
			files = (
				7B2CB41327C627E400D13D0C /* SuspendTimeTests.swift in Sources */,
			);
			runOnlyForDeploymentPostprocessing = 0;
		};
		7B2CB41427C627E400D13D0C /* Sources */ = {
			isa = PBXSourcesBuildPhase;
			buildActionMask = 2147483647;
			files = (
				7B2CB41F27C627E400D13D0C /* SuspendTimeUITestsLaunchTests.swift in Sources */,
				7B2CB41D27C627E400D13D0C /* SuspendTimeUITests.swift in Sources */,
			);
			runOnlyForDeploymentPostprocessing = 0;
		};
/* End PBXSourcesBuildPhase section */

/* Begin PBXTargetDependency section */
		7B2CB41027C627E400D13D0C /* PBXTargetDependency */ = {
			isa = PBXTargetDependency;
			target = 7B2CB3F727C627E000D13D0C /* SuspendTime */;
			targetProxy = 7B2CB40F27C627E400D13D0C /* PBXContainerItemProxy */;
		};
		7B2CB41A27C627E400D13D0C /* PBXTargetDependency */ = {
			isa = PBXTargetDependency;
			target = 7B2CB3F727C627E000D13D0C /* SuspendTime */;
			targetProxy = 7B2CB41927C627E400D13D0C /* PBXContainerItemProxy */;
		};
/* End PBXTargetDependency section */

/* Begin PBXVariantGroup section */
		7B2CB40127C627E000D13D0C /* Main.storyboard */ = {
			isa = PBXVariantGroup;
			children = (
				7B2CB40227C627E000D13D0C /* Base */,
			);
			name = Main.storyboard;
			sourceTree = "<group>";
		};
		7B2CB40627C627E400D13D0C /* LaunchScreen.storyboard */ = {
			isa = PBXVariantGroup;
			children = (
				7B2CB40727C627E400D13D0C /* Base */,
			);
			name = LaunchScreen.storyboard;
			sourceTree = "<group>";
		};
/* End PBXVariantGroup section */

/* Begin XCBuildConfiguration section */
		7B2CB42027C627E400D13D0C /* Debug */ = {
			isa = XCBuildConfiguration;
			buildSettings = {
				ALWAYS_SEARCH_USER_PATHS = NO;
				CLANG_ANALYZER_NONNULL = YES;
				CLANG_ANALYZER_NUMBER_OBJECT_CONVERSION = YES_AGGRESSIVE;
				CLANG_CXX_LANGUAGE_STANDARD = "gnu++17";
				CLANG_CXX_LIBRARY = "libc++";
				CLANG_ENABLE_MODULES = YES;
				CLANG_ENABLE_OBJC_ARC = YES;
				CLANG_ENABLE_OBJC_WEAK = YES;
				CLANG_WARN_BLOCK_CAPTURE_AUTORELEASING = YES;
				CLANG_WARN_BOOL_CONVERSION = YES;
				CLANG_WARN_COMMA = YES;
				CLANG_WARN_CONSTANT_CONVERSION = YES;
				CLANG_WARN_DEPRECATED_OBJC_IMPLEMENTATIONS = YES;
				CLANG_WARN_DIRECT_OBJC_ISA_USAGE = YES_ERROR;
				CLANG_WARN_DOCUMENTATION_COMMENTS = YES;
				CLANG_WARN_EMPTY_BODY = YES;
				CLANG_WARN_ENUM_CONVERSION = YES;
				CLANG_WARN_INFINITE_RECURSION = YES;
				CLANG_WARN_INT_CONVERSION = YES;
				CLANG_WARN_NON_LITERAL_NULL_CONVERSION = YES;
				CLANG_WARN_OBJC_IMPLICIT_RETAIN_SELF = YES;
				CLANG_WARN_OBJC_LITERAL_CONVERSION = YES;
				CLANG_WARN_OBJC_ROOT_CLASS = YES_ERROR;
				CLANG_WARN_QUOTED_INCLUDE_IN_FRAMEWORK_HEADER = YES;
				CLANG_WARN_RANGE_LOOP_ANALYSIS = YES;
				CLANG_WARN_STRICT_PROTOTYPES = YES;
				CLANG_WARN_SUSPICIOUS_MOVE = YES;
				CLANG_WARN_UNGUARDED_AVAILABILITY = YES_AGGRESSIVE;
				CLANG_WARN_UNREACHABLE_CODE = YES;
				CLANG_WARN__DUPLICATE_METHOD_MATCH = YES;
				COPY_PHASE_STRIP = NO;
				DEBUG_INFORMATION_FORMAT = dwarf;
				ENABLE_STRICT_OBJC_MSGSEND = YES;
				ENABLE_TESTABILITY = YES;
				GCC_C_LANGUAGE_STANDARD = gnu11;
				GCC_DYNAMIC_NO_PIC = NO;
				GCC_NO_COMMON_BLOCKS = YES;
				GCC_OPTIMIZATION_LEVEL = 0;
				GCC_PREPROCESSOR_DEFINITIONS = (
					"DEBUG=1",
					"$(inherited)",
				);
				GCC_WARN_64_TO_32_BIT_CONVERSION = YES;
				GCC_WARN_ABOUT_RETURN_TYPE = YES_ERROR;
				GCC_WARN_UNDECLARED_SELECTOR = YES;
				GCC_WARN_UNINITIALIZED_AUTOS = YES_AGGRESSIVE;
				GCC_WARN_UNUSED_FUNCTION = YES;
				GCC_WARN_UNUSED_VARIABLE = YES;
				IPHONEOS_DEPLOYMENT_TARGET = 15.2;
				MTL_ENABLE_DEBUG_INFO = INCLUDE_SOURCE;
				MTL_FAST_MATH = YES;
				ONLY_ACTIVE_ARCH = YES;
				SDKROOT = iphoneos;
				SWIFT_ACTIVE_COMPILATION_CONDITIONS = DEBUG;
				SWIFT_OPTIMIZATION_LEVEL = "-Onone";
			};
			name = Debug;
		};
		7B2CB42127C627E400D13D0C /* Release */ = {
			isa = XCBuildConfiguration;
			buildSettings = {
				ALWAYS_SEARCH_USER_PATHS = NO;
				CLANG_ANALYZER_NONNULL = YES;
				CLANG_ANALYZER_NUMBER_OBJECT_CONVERSION = YES_AGGRESSIVE;
				CLANG_CXX_LANGUAGE_STANDARD = "gnu++17";
				CLANG_CXX_LIBRARY = "libc++";
				CLANG_ENABLE_MODULES = YES;
				CLANG_ENABLE_OBJC_ARC = YES;
				CLANG_ENABLE_OBJC_WEAK = YES;
				CLANG_WARN_BLOCK_CAPTURE_AUTORELEASING = YES;
				CLANG_WARN_BOOL_CONVERSION = YES;
				CLANG_WARN_COMMA = YES;
				CLANG_WARN_CONSTANT_CONVERSION = YES;
				CLANG_WARN_DEPRECATED_OBJC_IMPLEMENTATIONS = YES;
				CLANG_WARN_DIRECT_OBJC_ISA_USAGE = YES_ERROR;
				CLANG_WARN_DOCUMENTATION_COMMENTS = YES;
				CLANG_WARN_EMPTY_BODY = YES;
				CLANG_WARN_ENUM_CONVERSION = YES;
				CLANG_WARN_INFINITE_RECURSION = YES;
				CLANG_WARN_INT_CONVERSION = YES;
				CLANG_WARN_NON_LITERAL_NULL_CONVERSION = YES;
				CLANG_WARN_OBJC_IMPLICIT_RETAIN_SELF = YES;
				CLANG_WARN_OBJC_LITERAL_CONVERSION = YES;
				CLANG_WARN_OBJC_ROOT_CLASS = YES_ERROR;
				CLANG_WARN_QUOTED_INCLUDE_IN_FRAMEWORK_HEADER = YES;
				CLANG_WARN_RANGE_LOOP_ANALYSIS = YES;
				CLANG_WARN_STRICT_PROTOTYPES = YES;
				CLANG_WARN_SUSPICIOUS_MOVE = YES;
				CLANG_WARN_UNGUARDED_AVAILABILITY = YES_AGGRESSIVE;
				CLANG_WARN_UNREACHABLE_CODE = YES;
				CLANG_WARN__DUPLICATE_METHOD_MATCH = YES;
				COPY_PHASE_STRIP = NO;
				DEBUG_INFORMATION_FORMAT = "dwarf-with-dsym";
				ENABLE_NS_ASSERTIONS = NO;
				ENABLE_STRICT_OBJC_MSGSEND = YES;
				GCC_C_LANGUAGE_STANDARD = gnu11;
				GCC_NO_COMMON_BLOCKS = YES;
				GCC_WARN_64_TO_32_BIT_CONVERSION = YES;
				GCC_WARN_ABOUT_RETURN_TYPE = YES_ERROR;
				GCC_WARN_UNDECLARED_SELECTOR = YES;
				GCC_WARN_UNINITIALIZED_AUTOS = YES_AGGRESSIVE;
				GCC_WARN_UNUSED_FUNCTION = YES;
				GCC_WARN_UNUSED_VARIABLE = YES;
				IPHONEOS_DEPLOYMENT_TARGET = 15.2;
				MTL_ENABLE_DEBUG_INFO = NO;
				MTL_FAST_MATH = YES;
				SDKROOT = iphoneos;
				SWIFT_COMPILATION_MODE = wholemodule;
				SWIFT_OPTIMIZATION_LEVEL = "-O";
				VALIDATE_PRODUCT = YES;
			};
			name = Release;
		};
		7B2CB42327C627E400D13D0C /* Debug */ = {
			isa = XCBuildConfiguration;
			baseConfigurationReference = 0161BFA5E0A470D1DFA754B0 /* Pods-SuspendTime.debug.xcconfig */;
			buildSettings = {
				ASSETCATALOG_COMPILER_APPICON_NAME = AppIcon;
				ASSETCATALOG_COMPILER_GLOBAL_ACCENT_COLOR_NAME = AccentColor;
				CLANG_ENABLE_MODULES = YES;
				CODE_SIGN_IDENTITY = "Apple Development";
				CODE_SIGN_STYLE = Automatic;
				CURRENT_PROJECT_VERSION = 1;
				DEVELOPMENT_TEAM = 95WCBKFLC5;
				GENERATE_INFOPLIST_FILE = YES;
				INFOPLIST_FILE = SuspendTime/Info.plist;
				INFOPLIST_KEY_UIApplicationSupportsIndirectInputEvents = YES;
				INFOPLIST_KEY_UILaunchStoryboardName = LaunchScreen;
				INFOPLIST_KEY_UIMainStoryboardFile = Main;
				INFOPLIST_KEY_UISupportedInterfaceOrientations_iPad = "UIInterfaceOrientationPortrait UIInterfaceOrientationPortraitUpsideDown UIInterfaceOrientationLandscapeLeft UIInterfaceOrientationLandscapeRight";
				INFOPLIST_KEY_UISupportedInterfaceOrientations_iPhone = "UIInterfaceOrientationPortrait UIInterfaceOrientationLandscapeLeft UIInterfaceOrientationLandscapeRight";
				IPHONEOS_DEPLOYMENT_TARGET = 14.0;
				LD_RUNPATH_SEARCH_PATHS = (
					"$(inherited)",
					"@executable_path/Frameworks",
				);
				MARKETING_VERSION = 1.0;
				PRODUCT_BUNDLE_IDENTIFIER = com.suspendTime;
				PRODUCT_NAME = "$(TARGET_NAME)";
				PROVISIONING_PROFILE_SPECIFIER = "";
				SWIFT_EMIT_LOC_STRINGS = YES;
				SWIFT_OBJC_BRIDGING_HEADER = "SuspendTime/SuspendTime-Bridging-Header.h";
				SWIFT_OPTIMIZATION_LEVEL = "-Onone";
				SWIFT_VERSION = 5.0;
				TARGETED_DEVICE_FAMILY = "1,2";
			};
			name = Debug;
		};
		7B2CB42427C627E400D13D0C /* Release */ = {
			isa = XCBuildConfiguration;
			baseConfigurationReference = DAFFD4F8ABB8A33D5CF3CB7F /* Pods-SuspendTime.release.xcconfig */;
			buildSettings = {
				ASSETCATALOG_COMPILER_APPICON_NAME = AppIcon;
				ASSETCATALOG_COMPILER_GLOBAL_ACCENT_COLOR_NAME = AccentColor;
				CLANG_ENABLE_MODULES = YES;
				CODE_SIGN_IDENTITY = "Apple Development";
				CODE_SIGN_STYLE = Automatic;
				CURRENT_PROJECT_VERSION = 1;
				DEVELOPMENT_TEAM = 95WCBKFLC5;
				GENERATE_INFOPLIST_FILE = YES;
				INFOPLIST_FILE = SuspendTime/Info.plist;
				INFOPLIST_KEY_UIApplicationSupportsIndirectInputEvents = YES;
				INFOPLIST_KEY_UILaunchStoryboardName = LaunchScreen;
				INFOPLIST_KEY_UIMainStoryboardFile = Main;
				INFOPLIST_KEY_UISupportedInterfaceOrientations_iPad = "UIInterfaceOrientationPortrait UIInterfaceOrientationPortraitUpsideDown UIInterfaceOrientationLandscapeLeft UIInterfaceOrientationLandscapeRight";
				INFOPLIST_KEY_UISupportedInterfaceOrientations_iPhone = "UIInterfaceOrientationPortrait UIInterfaceOrientationLandscapeLeft UIInterfaceOrientationLandscapeRight";
				IPHONEOS_DEPLOYMENT_TARGET = 14.0;
				LD_RUNPATH_SEARCH_PATHS = (
					"$(inherited)",
					"@executable_path/Frameworks",
				);
				MARKETING_VERSION = 1.0;
				PRODUCT_BUNDLE_IDENTIFIER = com.suspendTime;
				PRODUCT_NAME = "$(TARGET_NAME)";
				PROVISIONING_PROFILE_SPECIFIER = "";
				SWIFT_EMIT_LOC_STRINGS = YES;
				SWIFT_OBJC_BRIDGING_HEADER = "SuspendTime/SuspendTime-Bridging-Header.h";
				SWIFT_VERSION = 5.0;
				TARGETED_DEVICE_FAMILY = "1,2";
			};
			name = Release;
		};
		7B2CB42627C627E400D13D0C /* Debug */ = {
			isa = XCBuildConfiguration;
			buildSettings = {
				ALWAYS_EMBED_SWIFT_STANDARD_LIBRARIES = YES;
				BUNDLE_LOADER = "$(TEST_HOST)";
				CODE_SIGN_STYLE = Automatic;
				CURRENT_PROJECT_VERSION = 1;
				DEVELOPMENT_TEAM = 95WCBKFLC5;
				GENERATE_INFOPLIST_FILE = YES;
				IPHONEOS_DEPLOYMENT_TARGET = 15.2;
				MARKETING_VERSION = 1.0;
				PRODUCT_BUNDLE_IDENTIFIER = com.suspend.SuspendTimeTests;
				PRODUCT_NAME = "$(TARGET_NAME)";
				SWIFT_EMIT_LOC_STRINGS = NO;
				SWIFT_VERSION = 5.0;
				TARGETED_DEVICE_FAMILY = "1,2";
				TEST_HOST = "$(BUILT_PRODUCTS_DIR)/SuspendTime.app/SuspendTime";
			};
			name = Debug;
		};
		7B2CB42727C627E400D13D0C /* Release */ = {
			isa = XCBuildConfiguration;
			buildSettings = {
				ALWAYS_EMBED_SWIFT_STANDARD_LIBRARIES = YES;
				BUNDLE_LOADER = "$(TEST_HOST)";
				CODE_SIGN_STYLE = Automatic;
				CURRENT_PROJECT_VERSION = 1;
				DEVELOPMENT_TEAM = 95WCBKFLC5;
				GENERATE_INFOPLIST_FILE = YES;
				IPHONEOS_DEPLOYMENT_TARGET = 15.2;
				MARKETING_VERSION = 1.0;
				PRODUCT_BUNDLE_IDENTIFIER = com.suspend.SuspendTimeTests;
				PRODUCT_NAME = "$(TARGET_NAME)";
				SWIFT_EMIT_LOC_STRINGS = NO;
				SWIFT_VERSION = 5.0;
				TARGETED_DEVICE_FAMILY = "1,2";
				TEST_HOST = "$(BUILT_PRODUCTS_DIR)/SuspendTime.app/SuspendTime";
			};
			name = Release;
		};
		7B2CB42927C627E400D13D0C /* Debug */ = {
			isa = XCBuildConfiguration;
			buildSettings = {
				ALWAYS_EMBED_SWIFT_STANDARD_LIBRARIES = YES;
				CODE_SIGN_STYLE = Automatic;
				CURRENT_PROJECT_VERSION = 1;
				DEVELOPMENT_TEAM = 95WCBKFLC5;
				GENERATE_INFOPLIST_FILE = YES;
				MARKETING_VERSION = 1.0;
				PRODUCT_BUNDLE_IDENTIFIER = com.suspend.SuspendTimeUITests;
				PRODUCT_NAME = "$(TARGET_NAME)";
				SWIFT_EMIT_LOC_STRINGS = NO;
				SWIFT_VERSION = 5.0;
				TARGETED_DEVICE_FAMILY = "1,2";
				TEST_TARGET_NAME = SuspendTime;
			};
			name = Debug;
		};
		7B2CB42A27C627E400D13D0C /* Release */ = {
			isa = XCBuildConfiguration;
			buildSettings = {
				ALWAYS_EMBED_SWIFT_STANDARD_LIBRARIES = YES;
				CODE_SIGN_STYLE = Automatic;
				CURRENT_PROJECT_VERSION = 1;
				DEVELOPMENT_TEAM = 95WCBKFLC5;
				GENERATE_INFOPLIST_FILE = YES;
				MARKETING_VERSION = 1.0;
				PRODUCT_BUNDLE_IDENTIFIER = com.suspend.SuspendTimeUITests;
				PRODUCT_NAME = "$(TARGET_NAME)";
				SWIFT_EMIT_LOC_STRINGS = NO;
				SWIFT_VERSION = 5.0;
				TARGETED_DEVICE_FAMILY = "1,2";
				TEST_TARGET_NAME = SuspendTime;
			};
			name = Release;
		};
/* End XCBuildConfiguration section */

/* Begin XCConfigurationList section */
		7B2CB3F327C627E000D13D0C /* Build configuration list for PBXProject "SuspendTime" */ = {
			isa = XCConfigurationList;
			buildConfigurations = (
				7B2CB42027C627E400D13D0C /* Debug */,
				7B2CB42127C627E400D13D0C /* Release */,
			);
			defaultConfigurationIsVisible = 0;
			defaultConfigurationName = Release;
		};
		7B2CB42227C627E400D13D0C /* Build configuration list for PBXNativeTarget "SuspendTime" */ = {
			isa = XCConfigurationList;
			buildConfigurations = (
				7B2CB42327C627E400D13D0C /* Debug */,
				7B2CB42427C627E400D13D0C /* Release */,
			);
			defaultConfigurationIsVisible = 0;
			defaultConfigurationName = Release;
		};
		7B2CB42527C627E400D13D0C /* Build configuration list for PBXNativeTarget "SuspendTimeTests" */ = {
			isa = XCConfigurationList;
			buildConfigurations = (
				7B2CB42627C627E400D13D0C /* Debug */,
				7B2CB42727C627E400D13D0C /* Release */,
			);
			defaultConfigurationIsVisible = 0;
			defaultConfigurationName = Release;
		};
		7B2CB42827C627E400D13D0C /* Build configuration list for PBXNativeTarget "SuspendTimeUITests" */ = {
			isa = XCConfigurationList;
			buildConfigurations = (
				7B2CB42927C627E400D13D0C /* Debug */,
				7B2CB42A27C627E400D13D0C /* Release */,
			);
			defaultConfigurationIsVisible = 0;
			defaultConfigurationName = Release;
		};
/* End XCConfigurationList section */
	};
	rootObject = 7B2CB3F027C627E000D13D0C /* Project object */;
}
